Microsoft Visual Studio Solution File, Format Version 12.00
# Visual Studio Version 17
VisualStudioVersion = 17.5.2.0
MinimumVisualStudioVersion = 10.0.40219.1
Project("{FAE04EC0-301F-11D3-BF4B-00C04F79EFBC}") = "ResultFilter", "ResultFilter.csproj", "{66BD935E-A8ED-7A89-D051-2AF8E0271F17}"
EndProject
Global
	GlobalSection(SolutionConfigurationPlatforms) = preSolution
		Debug|Any CPU = Debug|Any CPU
		Release|Any CPU = Release|Any CPU
	EndGlobalSection
	GlobalSection(ProjectConfigurationPlatforms) = postSolution
		{66BD935E-A8ED-7A89-D051-2AF8E0271F17}.Debug|Any CPU.ActiveCfg = Debug|Any CPU
		{66BD935E-A8ED-7A89-D051-2AF8E0271F17}.Debug|Any CPU.Build.0 = Debug|Any CPU
		{66BD935E-A8ED-7A89-D051-2AF8E0271F17}.Release|Any CPU.ActiveCfg = Release|Any CPU
		{66BD935E-A8ED-7A89-D051-2AF8E0271F17}.Release|Any CPU.Build.0 = Release|Any CPU
	EndGlobalSection
	GlobalSection(SolutionProperties) = preSolution
		HideSolutionNode = FALSE
	EndGlobalSection
	GlobalSection(ExtensibilityGlobals) = postSolution
		SolutionGuid = {FA166427-D708-48CA-8C80-424571AA6E02}
	EndGlobalSection
EndGlobal
