Microsoft Visual Studio Solution File, Format Version 12.00
# Visual Studio Version 17
VisualStudioVersion = 17.5.2.0
MinimumVisualStudioVersion = 10.0.40219.1
Project("{FAE04EC0-301F-11D3-BF4B-00C04F79EFBC}") = "UserSecretProvider", "UserSecretProvider.csproj", "{FF66CED7-79E7-4A83-0C08-9DBDDA2B611C}"
EndProject
Global
	GlobalSection(SolutionConfigurationPlatforms) = preSolution
		Debug|Any CPU = Debug|Any CPU
		Release|Any CPU = Release|Any CPU
	EndGlobalSection
	GlobalSection(ProjectConfigurationPlatforms) = postSolution
		{FF66CED7-79E7-4A83-0C08-9DBDDA2B611C}.Debug|Any CPU.ActiveCfg = Debug|Any CPU
		{FF66CED7-79E7-4A83-0C08-9DBDDA2B611C}.Debug|Any CPU.Build.0 = Debug|Any CPU
		{FF66CED7-79E7-4A83-0C08-9DBDDA2B611C}.Release|Any CPU.ActiveCfg = Release|Any CPU
		{FF66CED7-79E7-4A83-0C08-9DBDDA2B611C}.Release|Any CPU.Build.0 = Release|Any CPU
	EndGlobalSection
	GlobalSection(SolutionProperties) = preSolution
		HideSolutionNode = FALSE
	EndGlobalSection
	GlobalSection(ExtensibilityGlobals) = postSolution
		SolutionGuid = {88B79717-D58E-49F9-AC3D-A0FE9A7C3774}
	EndGlobalSection
EndGlobal
