Microsoft Visual Studio Solution File, Format Version 12.00
# Visual Studio Version 17
VisualStudioVersion = 17.5.2.0
MinimumVisualStudioVersion = 10.0.40219.1
Project("{FAE04EC0-301F-11D3-BF4B-00C04F79EFBC}") = "EnforceHttps", "EnforceHttps.csproj", "{62179313-8EF0-6720-DECD-A124F514BA28}"
EndProject
Global
	GlobalSection(SolutionConfigurationPlatforms) = preSolution
		Debug|Any CPU = Debug|Any CPU
		Release|Any CPU = Release|Any CPU
	EndGlobalSection
	GlobalSection(ProjectConfigurationPlatforms) = postSolution
		{62179313-8EF0-6720-DECD-A124F514BA28}.Debug|Any CPU.ActiveCfg = Debug|Any CPU
		{62179313-8EF0-6720-DECD-A124F514BA28}.Debug|Any CPU.Build.0 = Debug|Any CPU
		{62179313-8EF0-6720-DECD-A124F514BA28}.Release|Any CPU.ActiveCfg = Release|Any CPU
		{62179313-8EF0-6720-DECD-A124F514BA28}.Release|Any CPU.Build.0 = Release|Any CPU
	EndGlobalSection
	GlobalSection(SolutionProperties) = preSolution
		HideSolutionNode = FALSE
	EndGlobalSection
	GlobalSection(ExtensibilityGlobals) = postSolution
		SolutionGuid = {17EB094F-85DE-43B7-B9E7-50F78F68EE45}
	EndGlobalSection
EndGlobal
