Microsoft Visual Studio Solution File, Format Version 12.00
# Visual Studio Version 17
VisualStudioVersion = 17.5.2.0
MinimumVisualStudioVersion = 10.0.40219.1
Project("{FAE04EC0-301F-11D3-BF4B-00C04F79EFBC}") = "AccessingConfiguration", "AccessingConfiguration.csproj", "{8ED90553-4763-1255-C2EE-709535C17E77}"
EndProject
Global
	GlobalSection(SolutionConfigurationPlatforms) = preSolution
		Debug|Any CPU = Debug|Any CPU
		Release|Any CPU = Release|Any CPU
	EndGlobalSection
	GlobalSection(ProjectConfigurationPlatforms) = postSolution
		{8ED90553-4763-1255-C2EE-709535C17E77}.Debug|Any CPU.ActiveCfg = Debug|Any CPU
		{8ED90553-4763-1255-C2EE-709535C17E77}.Debug|Any CPU.Build.0 = Debug|Any CPU
		{8ED90553-4763-1255-C2EE-709535C17E77}.Release|Any CPU.ActiveCfg = Release|Any CPU
		{8ED90553-4763-1255-C2EE-709535C17E77}.Release|Any CPU.Build.0 = Release|Any CPU
	EndGlobalSection
	GlobalSection(SolutionProperties) = preSolution
		HideSolutionNode = FALSE
	EndGlobalSection
	GlobalSection(ExtensibilityGlobals) = postSolution
		SolutionGuid = {33C6C052-27F1-45B9-AFF1-3DF2A91A32B3}
	EndGlobalSection
EndGlobal
