Microsoft Visual Studio Solution File, Format Version 12.00
# Visual Studio Version 17
VisualStudioVersion = 17.5.2.0
MinimumVisualStudioVersion = 10.0.40219.1
Project("{FAE04EC0-301F-11D3-BF4B-00C04F79EFBC}") = "Rfc9457Minimal", "Rfc9457Minimal.csproj", "{72D1A35D-6A02-1429-AB0C-1C489121121C}"
EndProject
Global
	GlobalSection(SolutionConfigurationPlatforms) = preSolution
		Debug|Any CPU = Debug|Any CPU
		Release|Any CPU = Release|Any CPU
	EndGlobalSection
	GlobalSection(ProjectConfigurationPlatforms) = postSolution
		{72D1A35D-6A02-1429-AB0C-1C489121121C}.Debug|Any CPU.ActiveCfg = Debug|Any CPU
		{72D1A35D-6A02-1429-AB0C-1C489121121C}.Debug|Any CPU.Build.0 = Debug|Any CPU
		{72D1A35D-6A02-1429-AB0C-1C489121121C}.Release|Any CPU.ActiveCfg = Release|Any CPU
		{72D1A35D-6A02-1429-AB0C-1C489121121C}.Release|Any CPU.Build.0 = Release|Any CPU
	EndGlobalSection
	GlobalSection(SolutionProperties) = preSolution
		HideSolutionNode = FALSE
	EndGlobalSection
	GlobalSection(ExtensibilityGlobals) = postSolution
		SolutionGuid = {2AF49932-96F9-4C0B-85DD-BC0EEDC21988}
	EndGlobalSection
EndGlobal
