Microsoft Visual Studio Solution File, Format Version 12.00
# Visual Studio Version 17
VisualStudioVersion = 17.5.2.0
MinimumVisualStudioVersion = 10.0.40219.1
Project("{FAE04EC0-301F-11D3-BF4B-00C04F79EFBC}") = "UsingRoute-OrderMatter", "UsingRoute-OrderMatter.csproj", "{82C4A46F-7929-3C79-C3FA-B956F8B842E5}"
EndProject
Global
	GlobalSection(SolutionConfigurationPlatforms) = preSolution
		Debug|Any CPU = Debug|Any CPU
		Release|Any CPU = Release|Any CPU
	EndGlobalSection
	GlobalSection(ProjectConfigurationPlatforms) = postSolution
		{82C4A46F-7929-3C79-C3FA-B956F8B842E5}.Debug|Any CPU.ActiveCfg = Debug|Any CPU
		{82C4A46F-7929-3C79-C3FA-B956F8B842E5}.Debug|Any CPU.Build.0 = Debug|Any CPU
		{82C4A46F-7929-3C79-C3FA-B956F8B842E5}.Release|Any CPU.ActiveCfg = Release|Any CPU
		{82C4A46F-7929-3C79-C3FA-B956F8B842E5}.Release|Any CPU.Build.0 = Release|Any CPU
	EndGlobalSection
	GlobalSection(SolutionProperties) = preSolution
		HideSolutionNode = FALSE
	EndGlobalSection
	GlobalSection(ExtensibilityGlobals) = postSolution
		SolutionGuid = {CB35C164-AD81-42DE-8939-116C7836C5D7}
	EndGlobalSection
EndGlobal
