Microsoft Visual Studio Solution File, Format Version 12.00
# Visual Studio Version 17
VisualStudioVersion = 17.5.2.0
MinimumVisualStudioVersion = 10.0.40219.1
Project("{FAE04EC0-301F-11D3-BF4B-00C04F79EFBC}") = "M01.UnifiedErrorHandling", "M01.UnifiedErrorHandling\M01.UnifiedErrorHandling.csproj", "{D8ACF600-D0FB-C698-3E49-79C6D40EC25D}"
EndProject
Project("{FAE04EC0-301F-11D3-BF4B-00C04F79EFBC}") = "M02.DeveloperExceptionPage", "M02.DeveloperExceptionPage\M02.DeveloperExceptionPage.csproj", "{9C30EA9D-837D-6F32-86F3-164D437AA81A}"
EndProject
Global
	GlobalSection(SolutionConfigurationPlatforms) = preSolution
		Debug|Any CPU = Debug|Any CPU
		Release|Any CPU = Release|Any CPU
	EndGlobalSection
	GlobalSection(ProjectConfigurationPlatforms) = postSolution
		{D8ACF600-D0FB-C698-3E49-79C6D40EC25D}.Debug|Any CPU.ActiveCfg = Debug|Any CPU
		{D8ACF600-D0FB-C698-3E49-79C6D40EC25D}.Debug|Any CPU.Build.0 = Debug|Any CPU
		{D8ACF600-D0FB-C698-3E49-79C6D40EC25D}.Release|Any CPU.ActiveCfg = Release|Any CPU
		{D8ACF600-D0FB-C698-3E49-79C6D40EC25D}.Release|Any CPU.Build.0 = Release|Any CPU
		{9C30EA9D-837D-6F32-86F3-164D437AA81A}.Debug|Any CPU.ActiveCfg = Debug|Any CPU
		{9C30EA9D-837D-6F32-86F3-164D437AA81A}.Debug|Any CPU.Build.0 = Debug|Any CPU
		{9C30EA9D-837D-6F32-86F3-164D437AA81A}.Release|Any CPU.ActiveCfg = Release|Any CPU
		{9C30EA9D-837D-6F32-86F3-164D437AA81A}.Release|Any CPU.Build.0 = Release|Any CPU
	EndGlobalSection
	GlobalSection(SolutionProperties) = preSolution
		HideSolutionNode = FALSE
	EndGlobalSection
	GlobalSection(ExtensibilityGlobals) = postSolution
		SolutionGuid = {03782E88-3AB0-4E94-8B8C-18B16E31B0CA}
	EndGlobalSection
EndGlobal
