Microsoft Visual Studio Solution File, Format Version 12.00
# Visual Studio Version 17
VisualStudioVersion = 17.5.2.0
MinimumVisualStudioVersion = 10.0.40219.1
Project("{FAE04EC0-301F-11D3-BF4B-00C04F79EFBC}") = "ProjectSpecific_EnvirementVariableProvider", "ProjectSpecific_EnvirementVariableProvider.csproj", "{6B98FD42-D5A0-57E1-4CD0-B4C9508AD986}"
EndProject
Global
	GlobalSection(SolutionConfigurationPlatforms) = preSolution
		Debug|Any CPU = Debug|Any CPU
		Release|Any CPU = Release|Any CPU
	EndGlobalSection
	GlobalSection(ProjectConfigurationPlatforms) = postSolution
		{6B98FD42-D5A0-57E1-4CD0-B4C9508AD986}.Debug|Any CPU.ActiveCfg = Debug|Any CPU
		{6B98FD42-D5A0-57E1-4CD0-B4C9508AD986}.Debug|Any CPU.Build.0 = Debug|Any CPU
		{6B98FD42-D5A0-57E1-4CD0-B4C9508AD986}.Release|Any CPU.ActiveCfg = Release|Any CPU
		{6B98FD42-D5A0-57E1-4CD0-B4C9508AD986}.Release|Any CPU.Build.0 = Release|Any CPU
	EndGlobalSection
	GlobalSection(SolutionProperties) = preSolution
		HideSolutionNode = FALSE
	EndGlobalSection
	GlobalSection(ExtensibilityGlobals) = postSolution
		SolutionGuid = {B50E3C39-312A-4D1C-8C0E-92C09645CBB4}
	EndGlobalSection
EndGlobal
