Microsoft Visual Studio Solution File, Format Version 12.00
# Visual Studio Version 17
VisualStudioVersion = 17.5.2.0
MinimumVisualStudioVersion = 10.0.40219.1
Project("{FAE04EC0-301F-11D3-BF4B-00C04F79EFBC}") = "01.BareMinimumAuthentificationSetup", "01.BareMinimumAuthentificationSetup\01.BareMinimumAuthentificationSetup.csproj", "{4E35691C-4C6D-D8BC-1782-9B1079FD073F}"
EndProject
Global
	GlobalSection(SolutionConfigurationPlatforms) = preSolution
		Debug|Any CPU = Debug|Any CPU
		Release|Any CPU = Release|Any CPU
	EndGlobalSection
	GlobalSection(ProjectConfigurationPlatforms) = postSolution
		{4E35691C-4C6D-D8BC-1782-9B1079FD073F}.Debug|Any CPU.ActiveCfg = Debug|Any CPU
		{4E35691C-4C6D-D8BC-1782-9B1079FD073F}.Debug|Any CPU.Build.0 = Debug|Any CPU
		{4E35691C-4C6D-D8BC-1782-9B1079FD073F}.Release|Any CPU.ActiveCfg = Release|Any CPU
		{4E35691C-4C6D-D8BC-1782-9B1079FD073F}.Release|Any CPU.Build.0 = Release|Any CPU
	EndGlobalSection
	GlobalSection(SolutionProperties) = preSolution
		HideSolutionNode = FALSE
	EndGlobalSection
	GlobalSection(ExtensibilityGlobals) = postSolution
		SolutionGuid = {B976C7AF-C522-4D13-98D6-B0F2E2DDC7DC}
	EndGlobalSection
EndGlobal
