Microsoft Visual Studio Solution File, Format Version 12.00
# Visual Studio Version 17
VisualStudioVersion = 17.5.2.0
MinimumVisualStudioVersion = 10.0.40219.1
Project("{FAE04EC0-301F-11D3-BF4B-00C04F79EFBC}") = "ActionFilters", "ActionFilters\ActionFilters.csproj", "{68A914FB-BA15-3502-E8D9-6FFA98BE2603}"
EndProject
Global
	GlobalSection(SolutionConfigurationPlatforms) = preSolution
		Debug|Any CPU = Debug|Any CPU
		Release|Any CPU = Release|Any CPU
	EndGlobalSection
	GlobalSection(ProjectConfigurationPlatforms) = postSolution
		{68A914FB-BA15-3502-E8D9-6FFA98BE2603}.Debug|Any CPU.ActiveCfg = Debug|Any CPU
		{68A914FB-BA15-3502-E8D9-6FFA98BE2603}.Debug|Any CPU.Build.0 = Debug|Any CPU
		{68A914FB-BA15-3502-E8D9-6FFA98BE2603}.Release|Any CPU.ActiveCfg = Release|Any CPU
		{68A914FB-BA15-3502-E8D9-6FFA98BE2603}.Release|Any CPU.Build.0 = Release|Any CPU
	EndGlobalSection
	GlobalSection(SolutionProperties) = preSolution
		HideSolutionNode = FALSE
	EndGlobalSection
	GlobalSection(ExtensibilityGlobals) = postSolution
		SolutionGuid = {53222585-54BD-4A64-A18B-5BE9B426E1FB}
	EndGlobalSection
EndGlobal
