Microsoft Visual Studio Solution File, Format Version 12.00
# Visual Studio Version 17
VisualStudioVersion = 17.5.2.0
MinimumVisualStudioVersion = 10.0.40219.1
Project("{FAE04EC0-301F-11D3-BF4B-00C04F79EFBC}") = "M01URIPathVersioningController", "M01URIPathVersioningController\M01URIPathVersioningController.csproj", "{7708FF3E-0CF6-AF19-48C7-60B1C54B7904}"
EndProject
Project("{FAE04EC0-301F-11D3-BF4B-00C04F79EFBC}") = "M02QueryStrignVersioningController", "M02QueryStrignVersioningController\M02QueryStrignVersioningController.csproj", "{2D26442B-F946-E054-4027-1F7C4DA8A4E1}"
EndProject
Project("{FAE04EC0-301F-11D3-BF4B-00C04F79EFBC}") = "M03HeaderBasedVersioningController", "M03HeaderBasedVersioningController\M03HeaderBasedVersioningController.csproj", "{99958A45-6D3E-9665-D02F-0994CAFE3E08}"
EndProject
Project("{FAE04EC0-301F-11D3-BF4B-00C04F79EFBC}") = "M04MediaTypeVersioningController", "M04MediaTypeVersioningController\M04MediaTypeVersioningController.csproj", "{190F601F-5391-A48B-F243-32F6FDC9E942}"
EndProject
Project("{FAE04EC0-301F-11D3-BF4B-00C04F79EFBC}") = "M05URIPathVersioningMinimal", "M05URIPathVersioningMinimal\M05URIPathVersioningMinimal.csproj", "{AE6822FC-F5F9-22B2-627F-262A03772B97}"
EndProject
Project("{FAE04EC0-301F-11D3-BF4B-00C04F79EFBC}") = "M06QueryStrignVersioningMinimal", "M06QueryStrignVersioningMinimal\M06QueryStrignVersioningMinimal.csproj", "{C1FAB0F0-7AE6-151A-F49C-F8525455C1A9}"
EndProject
Project("{FAE04EC0-301F-11D3-BF4B-00C04F79EFBC}") = "M07HeaderBasedVersioningMinimal", "M07HeaderBasedVersioningMinimal\M07HeaderBasedVersioningMinimal.csproj", "{35621121-8EC6-FE4A-5C5E-DBCDE5121D9B}"
EndProject
Project("{FAE04EC0-301F-11D3-BF4B-00C04F79EFBC}") = "M08MediaTypeVersioningMinimal", "M08MediaTypeVersioningMinimal\M08MediaTypeVersioningMinimal.csproj", "{DDCE67AF-939C-12CE-5207-3B442E25DC25}"
EndProject
Global
	GlobalSection(SolutionConfigurationPlatforms) = preSolution
		Debug|Any CPU = Debug|Any CPU
		Release|Any CPU = Release|Any CPU
	EndGlobalSection
	GlobalSection(ProjectConfigurationPlatforms) = postSolution
		{7708FF3E-0CF6-AF19-48C7-60B1C54B7904}.Debug|Any CPU.ActiveCfg = Debug|Any CPU
		{7708FF3E-0CF6-AF19-48C7-60B1C54B7904}.Debug|Any CPU.Build.0 = Debug|Any CPU
		{7708FF3E-0CF6-AF19-48C7-60B1C54B7904}.Release|Any CPU.ActiveCfg = Release|Any CPU
		{7708FF3E-0CF6-AF19-48C7-60B1C54B7904}.Release|Any CPU.Build.0 = Release|Any CPU
		{2D26442B-F946-E054-4027-1F7C4DA8A4E1}.Debug|Any CPU.ActiveCfg = Debug|Any CPU
		{2D26442B-F946-E054-4027-1F7C4DA8A4E1}.Debug|Any CPU.Build.0 = Debug|Any CPU
		{2D26442B-F946-E054-4027-1F7C4DA8A4E1}.Release|Any CPU.ActiveCfg = Release|Any CPU
		{2D26442B-F946-E054-4027-1F7C4DA8A4E1}.Release|Any CPU.Build.0 = Release|Any CPU
		{99958A45-6D3E-9665-D02F-0994CAFE3E08}.Debug|Any CPU.ActiveCfg = Debug|Any CPU
		{99958A45-6D3E-9665-D02F-0994CAFE3E08}.Debug|Any CPU.Build.0 = Debug|Any CPU
		{99958A45-6D3E-9665-D02F-0994CAFE3E08}.Release|Any CPU.ActiveCfg = Release|Any CPU
		{99958A45-6D3E-9665-D02F-0994CAFE3E08}.Release|Any CPU.Build.0 = Release|Any CPU
		{190F601F-5391-A48B-F243-32F6FDC9E942}.Debug|Any CPU.ActiveCfg = Debug|Any CPU
		{190F601F-5391-A48B-F243-32F6FDC9E942}.Debug|Any CPU.Build.0 = Debug|Any CPU
		{190F601F-5391-A48B-F243-32F6FDC9E942}.Release|Any CPU.ActiveCfg = Release|Any CPU
		{190F601F-5391-A48B-F243-32F6FDC9E942}.Release|Any CPU.Build.0 = Release|Any CPU
		{AE6822FC-F5F9-22B2-627F-262A03772B97}.Debug|Any CPU.ActiveCfg = Debug|Any CPU
		{AE6822FC-F5F9-22B2-627F-262A03772B97}.Debug|Any CPU.Build.0 = Debug|Any CPU
		{AE6822FC-F5F9-22B2-627F-262A03772B97}.Release|Any CPU.ActiveCfg = Release|Any CPU
		{AE6822FC-F5F9-22B2-627F-262A03772B97}.Release|Any CPU.Build.0 = Release|Any CPU
		{C1FAB0F0-7AE6-151A-F49C-F8525455C1A9}.Debug|Any CPU.ActiveCfg = Debug|Any CPU
		{C1FAB0F0-7AE6-151A-F49C-F8525455C1A9}.Debug|Any CPU.Build.0 = Debug|Any CPU
		{C1FAB0F0-7AE6-151A-F49C-F8525455C1A9}.Release|Any CPU.ActiveCfg = Release|Any CPU
		{C1FAB0F0-7AE6-151A-F49C-F8525455C1A9}.Release|Any CPU.Build.0 = Release|Any CPU
		{35621121-8EC6-FE4A-5C5E-DBCDE5121D9B}.Debug|Any CPU.ActiveCfg = Debug|Any CPU
		{35621121-8EC6-FE4A-5C5E-DBCDE5121D9B}.Debug|Any CPU.Build.0 = Debug|Any CPU
		{35621121-8EC6-FE4A-5C5E-DBCDE5121D9B}.Release|Any CPU.ActiveCfg = Release|Any CPU
		{35621121-8EC6-FE4A-5C5E-DBCDE5121D9B}.Release|Any CPU.Build.0 = Release|Any CPU
		{DDCE67AF-939C-12CE-5207-3B442E25DC25}.Debug|Any CPU.ActiveCfg = Debug|Any CPU
		{DDCE67AF-939C-12CE-5207-3B442E25DC25}.Debug|Any CPU.Build.0 = Debug|Any CPU
		{DDCE67AF-939C-12CE-5207-3B442E25DC25}.Release|Any CPU.ActiveCfg = Release|Any CPU
		{DDCE67AF-939C-12CE-5207-3B442E25DC25}.Release|Any CPU.Build.0 = Release|Any CPU
	EndGlobalSection
	GlobalSection(SolutionProperties) = preSolution
		HideSolutionNode = FALSE
	EndGlobalSection
	GlobalSection(ExtensibilityGlobals) = postSolution
		SolutionGuid = {B293AAD1-FC85-40FB-A185-98887CD0CDD8}
	EndGlobalSection
EndGlobal
