Microsoft Visual Studio Solution File, Format Version 12.00
# Visual Studio Version 17
VisualStudioVersion = 17.5.2.0
MinimumVisualStudioVersion = 10.0.40219.1
Project("{FAE04EC0-301F-11D3-BF4B-00C04F79EFBC}") = "IocContainer", "IocContainer.csproj", "{D56BADB4-7854-18B1-4954-66769422EDAD}"
EndProject
Global
	GlobalSection(SolutionConfigurationPlatforms) = preSolution
		Debug|Any CPU = Debug|Any CPU
		Release|Any CPU = Release|Any CPU
	EndGlobalSection
	GlobalSection(ProjectConfigurationPlatforms) = postSolution
		{D56BADB4-7854-18B1-4954-66769422EDAD}.Debug|Any CPU.ActiveCfg = Debug|Any CPU
		{D56BADB4-7854-18B1-4954-66769422EDAD}.Debug|Any CPU.Build.0 = Debug|Any CPU
		{D56BADB4-7854-18B1-4954-66769422EDAD}.Release|Any CPU.ActiveCfg = Release|Any CPU
		{D56BADB4-7854-18B1-4954-66769422EDAD}.Release|Any CPU.Build.0 = Release|Any CPU
	EndGlobalSection
	GlobalSection(SolutionProperties) = preSolution
		HideSolutionNode = FALSE
	EndGlobalSection
	GlobalSection(ExtensibilityGlobals) = postSolution
		SolutionGuid = {FC419D24-CDFC-4A83-874F-DC336D4E2304}
	EndGlobalSection
EndGlobal
